
Microsoft Visual Studio Solution File, Format Version 12.00
# Visual Studio 15
VisualStudioVersion = 15.0.28307.960
MinimumVisualStudioVersion = 10.0.40219.1
Project("{FAE04EC0-301F-11D3-BF4B-00C04F79EFBC}") = "OriginWeb", "OriginWeb\OriginWeb.csproj", "{7DEFF7BE-366E-4EB3-A977-86FDD4DBF5FB}"
EndProject
Project("{FAE04EC0-301F-11D3-BF4B-00C04F79EFBC}") = "OriginWeb.VM", "OriginWeb.VM\OriginWeb.VM.csproj", "{6848A1AD-FE38-40F1-855E-1036A251975D}"
EndProject
Global
	GlobalSection(SolutionConfigurationPlatforms) = preSolution
		Debug|Any CPU = Debug|Any CPU
		Release|Any CPU = Release|Any CPU
	EndGlobalSection
	GlobalSection(ProjectConfigurationPlatforms) = postSolution
		{7DEFF7BE-366E-4EB3-A977-86FDD4DBF5FB}.Debug|Any CPU.ActiveCfg = Debug|Any CPU
		{7DEFF7BE-366E-4EB3-A977-86FDD4DBF5FB}.Debug|Any CPU.Build.0 = Debug|Any CPU
		{7DEFF7BE-366E-4EB3-A977-86FDD4DBF5FB}.Release|Any CPU.ActiveCfg = Release|Any CPU
		{7DEFF7BE-366E-4EB3-A977-86FDD4DBF5FB}.Release|Any CPU.Build.0 = Release|Any CPU
		{6848A1AD-FE38-40F1-855E-1036A251975D}.Debug|Any CPU.ActiveCfg = Debug|Any CPU
		{6848A1AD-FE38-40F1-855E-1036A251975D}.Debug|Any CPU.Build.0 = Debug|Any CPU
		{6848A1AD-FE38-40F1-855E-1036A251975D}.Release|Any CPU.ActiveCfg = Release|Any CPU
		{6848A1AD-FE38-40F1-855E-1036A251975D}.Release|Any CPU.Build.0 = Release|Any CPU
	EndGlobalSection
	GlobalSection(SolutionProperties) = preSolution
		HideSolutionNode = FALSE
	EndGlobalSection
	GlobalSection(ExtensibilityGlobals) = postSolution
		SolutionGuid = {636DC83E-8EF7-4BCA-B63C-7FF4EFA70CA1}
	EndGlobalSection
EndGlobal
